
Microsoft Visual Studio Solution File, Format Version 12.00
# Visual Studio Version 16
VisualStudioVersion = 16.0.29920.165
MinimumVisualStudioVersion = 10.0.40219.1
Project("{FAE04EC0-301F-11D3-BF4B-00C04F79EFBC}") = "AdvertisementService", "AdvertisementService\AdvertisementService.csproj", "{7BABE8F5-86F0-4779-96E5-7A7F0F6609A9}"
EndProject
Global
	GlobalSection(SolutionConfigurationPlatforms) = preSolution
		Debug|Any CPU = Debug|Any CPU
		Release|Any CPU = Release|Any CPU
	EndGlobalSection
	GlobalSection(ProjectConfigurationPlatforms) = postSolution
		{7BABE8F5-86F0-4779-96E5-7A7F0F6609A9}.Debug|Any CPU.ActiveCfg = Debug|Any CPU
		{7BABE8F5-86F0-4779-96E5-7A7F0F6609A9}.Debug|Any CPU.Build.0 = Debug|Any CPU
		{7BABE8F5-86F0-4779-96E5-7A7F0F6609A9}.Release|Any CPU.ActiveCfg = Release|Any CPU
		{7BABE8F5-86F0-4779-96E5-7A7F0F6609A9}.Release|Any CPU.Build.0 = Release|Any CPU
	EndGlobalSection
	GlobalSection(SolutionProperties) = preSolution
		HideSolutionNode = FALSE
	EndGlobalSection
	GlobalSection(ExtensibilityGlobals) = postSolution
		SolutionGuid = {B076C08F-ADB8-4E17-BD61-22FF92FDD413}
	EndGlobalSection
EndGlobal
