
Microsoft Visual Studio Solution File, Format Version 12.00
# Visual Studio Version 16
VisualStudioVersion = 16.0.29613.14
MinimumVisualStudioVersion = 10.0.40219.1
Project("{9A19103F-16F7-4668-BE54-9A1E7A4F7556}") = "TrackService", "TrackService\TrackService.csproj", "{5577A503-0563-4363-9F6D-014D67E063C9}"
EndProject
Project("{FAE04EC0-301F-11D3-BF4B-00C04F79EFBC}") = "TrackService.UnitTest", "TrackService.UnitTest\TrackService.UnitTest.csproj", "{BCC07CF5-E35F-481E-B425-1419E67065C7}"
EndProject
Global
	GlobalSection(SolutionConfigurationPlatforms) = preSolution
		Debug|Any CPU = Debug|Any CPU
		Release|Any CPU = Release|Any CPU
	EndGlobalSection
	GlobalSection(ProjectConfigurationPlatforms) = postSolution
		{5577A503-0563-4363-9F6D-014D67E063C9}.Debug|Any CPU.ActiveCfg = Debug|Any CPU
		{5577A503-0563-4363-9F6D-014D67E063C9}.Debug|Any CPU.Build.0 = Debug|Any CPU
		{5577A503-0563-4363-9F6D-014D67E063C9}.Release|Any CPU.ActiveCfg = Release|Any CPU
		{5577A503-0563-4363-9F6D-014D67E063C9}.Release|Any CPU.Build.0 = Release|Any CPU
		{BCC07CF5-E35F-481E-B425-1419E67065C7}.Debug|Any CPU.ActiveCfg = Debug|Any CPU
		{BCC07CF5-E35F-481E-B425-1419E67065C7}.Debug|Any CPU.Build.0 = Debug|Any CPU
		{BCC07CF5-E35F-481E-B425-1419E67065C7}.Release|Any CPU.ActiveCfg = Release|Any CPU
		{BCC07CF5-E35F-481E-B425-1419E67065C7}.Release|Any CPU.Build.0 = Release|Any CPU
	EndGlobalSection
	GlobalSection(SolutionProperties) = preSolution
		HideSolutionNode = FALSE
	EndGlobalSection
	GlobalSection(ExtensibilityGlobals) = postSolution
		SolutionGuid = {E9890BC9-AC85-49F0-96D4-3F7419FCDA3F}
	EndGlobalSection
EndGlobal
